
Microsoft Visual Studio Solution File, Format Version 12.00
# Visual Studio Version 16
VisualStudioVersion = 16.0.31424.327
MinimumVisualStudioVersion = 10.0.40219.1
Project("{FAE04EC0-301F-11D3-BF4B-00C04F79EFBC}") = "NewTask", "NewTask.csproj", "{A2CCC547-2614-46FB-8540-EBCC1E9DBF79}"
EndProject
Global
	GlobalSection(SolutionConfigurationPlatforms) = preSolution
		Debug|Any CPU = Debug|Any CPU
		Release|Any CPU = Release|Any CPU
	EndGlobalSection
	GlobalSection(ProjectConfigurationPlatforms) = postSolution
		{A2CCC547-2614-46FB-8540-EBCC1E9DBF79}.Debug|Any CPU.ActiveCfg = Debug|Any CPU
		{A2CCC547-2614-46FB-8540-EBCC1E9DBF79}.Debug|Any CPU.Build.0 = Debug|Any CPU
		{A2CCC547-2614-46FB-8540-EBCC1E9DBF79}.Release|Any CPU.ActiveCfg = Release|Any CPU
		{A2CCC547-2614-46FB-8540-EBCC1E9DBF79}.Release|Any CPU.Build.0 = Release|Any CPU
	EndGlobalSection
	GlobalSection(SolutionProperties) = preSolution
		HideSolutionNode = FALSE
	EndGlobalSection
	GlobalSection(ExtensibilityGlobals) = postSolution
		SolutionGuid = {3A085BD1-7806-4540-869F-B77A57611CE9}
	EndGlobalSection
EndGlobal
