
Microsoft Visual Studio Solution File, Format Version 12.00
# Visual Studio Version 16
VisualStudioVersion = 16.0.31424.327
MinimumVisualStudioVersion = 10.0.40219.1
Project("{FAE04EC0-301F-11D3-BF4B-00C04F79EFBC}") = "Sender", "Sender.csproj", "{2D29E7BC-4FD6-4AE2-8157-F5A46256E19B}"
EndProject
Global
	GlobalSection(SolutionConfigurationPlatforms) = preSolution
		Debug|Any CPU = Debug|Any CPU
		Release|Any CPU = Release|Any CPU
	EndGlobalSection
	GlobalSection(ProjectConfigurationPlatforms) = postSolution
		{2D29E7BC-4FD6-4AE2-8157-F5A46256E19B}.Debug|Any CPU.ActiveCfg = Debug|Any CPU
		{2D29E7BC-4FD6-4AE2-8157-F5A46256E19B}.Debug|Any CPU.Build.0 = Debug|Any CPU
		{2D29E7BC-4FD6-4AE2-8157-F5A46256E19B}.Release|Any CPU.ActiveCfg = Release|Any CPU
		{2D29E7BC-4FD6-4AE2-8157-F5A46256E19B}.Release|Any CPU.Build.0 = Release|Any CPU
	EndGlobalSection
	GlobalSection(SolutionProperties) = preSolution
		HideSolutionNode = FALSE
	EndGlobalSection
	GlobalSection(ExtensibilityGlobals) = postSolution
		SolutionGuid = {B0E490EE-D5AC-4742-BA9F-DB221F479BD0}
	EndGlobalSection
EndGlobal
